
Microsoft Visual Studio Solution File, Format Version 11.00
# Visual Studio 2010
Project("{8BC9CEB8-8B4A-11D0-8D11-00A0C91BC942}") = "pkinit", "pkinit\pkinit.vcxproj", "{051D0EDC-BF6C-449C-B3CB-28DECDC6F862}"
EndProject
Global
	GlobalSection(SolutionConfigurationPlatforms) = preSolution
		Debug|Win32 = Debug|Win32
		Release|Win32 = Release|Win32
	EndGlobalSection
	GlobalSection(ProjectConfigurationPlatforms) = postSolution
		{051D0EDC-BF6C-449C-B3CB-28DECDC6F862}.Debug|Win32.ActiveCfg = Debug|Win32
		{051D0EDC-BF6C-449C-B3CB-28DECDC6F862}.Debug|Win32.Build.0 = Debug|Win32
		{051D0EDC-BF6C-449C-B3CB-28DECDC6F862}.Release|Win32.ActiveCfg = Release|Win32
		{051D0EDC-BF6C-449C-B3CB-28DECDC6F862}.Release|Win32.Build.0 = Release|Win32
	EndGlobalSection
	GlobalSection(SolutionProperties) = preSolution
		HideSolutionNode = FALSE
	EndGlobalSection
EndGlobal
